
Microsoft Visual Studio Solution File, Format Version 12.00
# Visual Studio 2015
Project("{FAE04EC0-301F-11D3-BF4B-00C04F79EFBC}") = "HoloPhotoEditor", "HoloPhotoEditor.csproj", "{FCAE07F1-2001-7AEB-F56F-C3FDB5D40EED}"
EndProject
Project("{FAE04EC0-301F-11D3-BF4B-00C04F79EFBC}") = "HoloPhotoEditor.Editor", "HoloPhotoEditor.Editor.csproj", "{A44F3995-4248-A65F-FD17-523D3E89460C}"
EndProject
Global
	GlobalSection(SolutionConfigurationPlatforms) = preSolution
		Debug|Any CPU = Debug|Any CPU
		Release|Any CPU = Release|Any CPU
	EndGlobalSection
	GlobalSection(ProjectConfigurationPlatforms) = postSolution
		{FCAE07F1-2001-7AEB-F56F-C3FDB5D40EED}.Debug|Any CPU.ActiveCfg = Debug|Any CPU
		{FCAE07F1-2001-7AEB-F56F-C3FDB5D40EED}.Debug|Any CPU.Build.0 = Debug|Any CPU
		{FCAE07F1-2001-7AEB-F56F-C3FDB5D40EED}.Release|Any CPU.ActiveCfg = Release|Any CPU
		{FCAE07F1-2001-7AEB-F56F-C3FDB5D40EED}.Release|Any CPU.Build.0 = Release|Any CPU
		{A44F3995-4248-A65F-FD17-523D3E89460C}.Debug|Any CPU.ActiveCfg = Debug|Any CPU
		{A44F3995-4248-A65F-FD17-523D3E89460C}.Debug|Any CPU.Build.0 = Debug|Any CPU
		{A44F3995-4248-A65F-FD17-523D3E89460C}.Release|Any CPU.ActiveCfg = Release|Any CPU
		{A44F3995-4248-A65F-FD17-523D3E89460C}.Release|Any CPU.Build.0 = Release|Any CPU
	EndGlobalSection
	GlobalSection(SolutionProperties) = preSolution
		HideSolutionNode = FALSE
	EndGlobalSection
EndGlobal
